
Microsoft Visual Studio Solution File, Format Version 12.00
# Visual Studio Version 17
VisualStudioVersion = 17.10.35004.147
MinimumVisualStudioVersion = 10.0.40219.1
Project("{FAE04EC0-301F-11D3-BF4B-00C04F79EFBC}") = "Assignment2.1", "Assignment2.1.csproj", "{B89C5315-16F4-4EA5-9B74-1CBDE003F740}"
EndProject
Global
	GlobalSection(SolutionConfigurationPlatforms) = preSolution
		Debug|Any CPU = Debug|Any CPU
		Release|Any CPU = Release|Any CPU
	EndGlobalSection
	GlobalSection(ProjectConfigurationPlatforms) = postSolution
		{B89C5315-16F4-4EA5-9B74-1CBDE003F740}.Debug|Any CPU.ActiveCfg = Debug|Any CPU
		{B89C5315-16F4-4EA5-9B74-1CBDE003F740}.Debug|Any CPU.Build.0 = Debug|Any CPU
		{B89C5315-16F4-4EA5-9B74-1CBDE003F740}.Release|Any CPU.ActiveCfg = Release|Any CPU
		{B89C5315-16F4-4EA5-9B74-1CBDE003F740}.Release|Any CPU.Build.0 = Release|Any CPU
	EndGlobalSection
	GlobalSection(SolutionProperties) = preSolution
		HideSolutionNode = FALSE
	EndGlobalSection
	GlobalSection(ExtensibilityGlobals) = postSolution
		SolutionGuid = {EF00A4FF-A9C6-434E-B768-CA7B2E51E90F}
	EndGlobalSection
EndGlobal
